
Microsoft Visual Studio Solution File, Format Version 12.00
# Visual Studio 2012
Project("{FAE04EC0-301F-11D3-BF4B-00C04F79EFBC}") = "dailyprogrammersolutions", "dailyprogrammersolutions\dailyprogrammersolutions.csproj", "{49E6E391-8153-40F7-A30D-C81C715977DB}"
EndProject
Global
	GlobalSection(SolutionConfigurationPlatforms) = preSolution
		Debug|Any CPU = Debug|Any CPU
		Release|Any CPU = Release|Any CPU
	EndGlobalSection
	GlobalSection(ProjectConfigurationPlatforms) = postSolution
		{49E6E391-8153-40F7-A30D-C81C715977DB}.Debug|Any CPU.ActiveCfg = Debug|Any CPU
		{49E6E391-8153-40F7-A30D-C81C715977DB}.Debug|Any CPU.Build.0 = Debug|Any CPU
		{49E6E391-8153-40F7-A30D-C81C715977DB}.Release|Any CPU.ActiveCfg = Release|Any CPU
		{49E6E391-8153-40F7-A30D-C81C715977DB}.Release|Any CPU.Build.0 = Release|Any CPU
	EndGlobalSection
	GlobalSection(SolutionProperties) = preSolution
		HideSolutionNode = FALSE
	EndGlobalSection
EndGlobal
